
Microsoft Visual Studio Solution File, Format Version 12.00
# Visual Studio 15
VisualStudioVersion = 15.0.27130.2010
MinimumVisualStudioVersion = 10.0.40219.1
Project("{FAE04EC0-301F-11D3-BF4B-00C04F79EFBC}") = "CSCAssignment2018", "CSCAssignment2018\CSCAssignment2018.csproj", "{1FD7574A-C3A0-4E05-8BBB-B7A8E57E0DAA}"
EndProject
Project("{FAE04EC0-301F-11D3-BF4B-00C04F79EFBC}") = "Task 2", "Task 2\Task 2.csproj", "{BA299D35-FFA4-4D61-9487-00EB8D173A44}"
EndProject
Project("{FAE04EC0-301F-11D3-BF4B-00C04F79EFBC}") = "Task 3", "Task 3\Task 3.csproj", "{0FB8338B-E095-4670-B19D-D7220F936A3A}"
EndProject
Project("{FAE04EC0-301F-11D3-BF4B-00C04F79EFBC}") = "Task5", "Task5\Task5.csproj", "{8B01DFD4-AB0F-4BA4-BD73-826490F1A07F}"
EndProject
Global
	GlobalSection(SolutionConfigurationPlatforms) = preSolution
		Debug|Any CPU = Debug|Any CPU
		Release|Any CPU = Release|Any CPU
	EndGlobalSection
	GlobalSection(ProjectConfigurationPlatforms) = postSolution
		{1FD7574A-C3A0-4E05-8BBB-B7A8E57E0DAA}.Debug|Any CPU.ActiveCfg = Debug|Any CPU
		{1FD7574A-C3A0-4E05-8BBB-B7A8E57E0DAA}.Debug|Any CPU.Build.0 = Debug|Any CPU
		{1FD7574A-C3A0-4E05-8BBB-B7A8E57E0DAA}.Release|Any CPU.ActiveCfg = Release|Any CPU
		{1FD7574A-C3A0-4E05-8BBB-B7A8E57E0DAA}.Release|Any CPU.Build.0 = Release|Any CPU
		{BA299D35-FFA4-4D61-9487-00EB8D173A44}.Debug|Any CPU.ActiveCfg = Debug|Any CPU
		{BA299D35-FFA4-4D61-9487-00EB8D173A44}.Debug|Any CPU.Build.0 = Debug|Any CPU
		{BA299D35-FFA4-4D61-9487-00EB8D173A44}.Release|Any CPU.ActiveCfg = Release|Any CPU
		{BA299D35-FFA4-4D61-9487-00EB8D173A44}.Release|Any CPU.Build.0 = Release|Any CPU
		{0FB8338B-E095-4670-B19D-D7220F936A3A}.Debug|Any CPU.ActiveCfg = Debug|Any CPU
		{0FB8338B-E095-4670-B19D-D7220F936A3A}.Debug|Any CPU.Build.0 = Debug|Any CPU
		{0FB8338B-E095-4670-B19D-D7220F936A3A}.Release|Any CPU.ActiveCfg = Release|Any CPU
		{0FB8338B-E095-4670-B19D-D7220F936A3A}.Release|Any CPU.Build.0 = Release|Any CPU
		{8B01DFD4-AB0F-4BA4-BD73-826490F1A07F}.Debug|Any CPU.ActiveCfg = Debug|Any CPU
		{8B01DFD4-AB0F-4BA4-BD73-826490F1A07F}.Debug|Any CPU.Build.0 = Debug|Any CPU
		{8B01DFD4-AB0F-4BA4-BD73-826490F1A07F}.Release|Any CPU.ActiveCfg = Release|Any CPU
		{8B01DFD4-AB0F-4BA4-BD73-826490F1A07F}.Release|Any CPU.Build.0 = Release|Any CPU
	EndGlobalSection
	GlobalSection(SolutionProperties) = preSolution
		HideSolutionNode = FALSE
	EndGlobalSection
	GlobalSection(ExtensibilityGlobals) = postSolution
		SolutionGuid = {9EB7490B-8B8D-49F7-AA02-E3F91515B48C}
	EndGlobalSection
EndGlobal
